
Microsoft Visual Studio Solution File, Format Version 12.00
# Visual Studio Version 16
VisualStudioVersion = 16.0.29503.13
MinimumVisualStudioVersion = 10.0.40219.1
Project("{FAE04EC0-301F-11D3-BF4B-00C04F79EFBC}") = "MStarGUI", "MStarGUI\MStarGUI.csproj", "{D45A4EA1-4414-4BE3-9FE6-E871E33F0EE8}"
EndProject
Global
	GlobalSection(SolutionConfigurationPlatforms) = preSolution
		Debug|Any CPU = Debug|Any CPU
		Release|Any CPU = Release|Any CPU
	EndGlobalSection
	GlobalSection(ProjectConfigurationPlatforms) = postSolution
		{D45A4EA1-4414-4BE3-9FE6-E871E33F0EE8}.Debug|Any CPU.ActiveCfg = Debug|Any CPU
		{D45A4EA1-4414-4BE3-9FE6-E871E33F0EE8}.Debug|Any CPU.Build.0 = Debug|Any CPU
		{D45A4EA1-4414-4BE3-9FE6-E871E33F0EE8}.Release|Any CPU.ActiveCfg = Release|Any CPU
		{D45A4EA1-4414-4BE3-9FE6-E871E33F0EE8}.Release|Any CPU.Build.0 = Release|Any CPU
	EndGlobalSection
	GlobalSection(SolutionProperties) = preSolution
		HideSolutionNode = FALSE
	EndGlobalSection
	GlobalSection(ExtensibilityGlobals) = postSolution
		SolutionGuid = {762927B0-5E93-489D-BF50-20DAF629F754}
	EndGlobalSection
EndGlobal
