
Microsoft Visual Studio Solution File, Format Version 12.00
# Visual Studio Version 16
VisualStudioVersion = 16.0.29503.13
MinimumVisualStudioVersion = 10.0.40219.1
Project("{FAE04EC0-301F-11D3-BF4B-00C04F79EFBC}") = "MStarGUI", "MStarGUI\MStarGUI.csproj", "{D45A4EA1-4414-4BE3-9FE6-E871E33F0EE8}"
EndProject
Project("{8BC9CEB8-8B4A-11D0-8D11-00A0C91BC942}") = "lzo_static", "lzo\lzo_static.vcxproj", "{D1F1A797-74BB-4ED8-A73F-C354A0B403CB}"
EndProject
Project("{8BC9CEB8-8B4A-11D0-8D11-00A0C91BC942}") = "lzop_static", "lzop\lzop_static.vcxproj", "{F9844B95-DD82-4EF0-937B-AADEE9679739}"
EndProject
Project("{8BC9CEB8-8B4A-11D0-8D11-00A0C91BC942}") = "lzo_clr", "lzo_clr\lzo_clr.vcxproj", "{DBB317BE-25A2-4475-96DB-3FEEE316350E}"
EndProject
Project("{8BC9CEB8-8B4A-11D0-8D11-00A0C91BC942}") = "sparse_clr", "sparse_clr\sparse_clr.vcxproj", "{52DF9BE2-2FF6-47A8-8B2E-4E7DA50D4774}"
EndProject
Project("{8BC9CEB8-8B4A-11D0-8D11-00A0C91BC942}") = "sparse", "sparse\sparse_static.vcxproj", "{68047C60-D154-40B5-8F0D-02D3AFDD123A}"
EndProject
Project("{FAE04EC0-301F-11D3-BF4B-00C04F79EFBC}") = "sparse_clr_test", "sparse_clr_test\sparse_clr_test.csproj", "{0C46A477-3EB7-4D08-923F-87D42DC91965}"
EndProject
Global
	GlobalSection(SolutionConfigurationPlatforms) = preSolution
		Debug|Any CPU = Debug|Any CPU
		Debug|x64 = Debug|x64
		Debug|x86 = Debug|x86
		Release|Any CPU = Release|Any CPU
		Release|x64 = Release|x64
		Release|x86 = Release|x86
	EndGlobalSection
	GlobalSection(ProjectConfigurationPlatforms) = postSolution
		{D45A4EA1-4414-4BE3-9FE6-E871E33F0EE8}.Debug|Any CPU.ActiveCfg = Debug|Any CPU
		{D45A4EA1-4414-4BE3-9FE6-E871E33F0EE8}.Debug|Any CPU.Build.0 = Debug|Any CPU
		{D45A4EA1-4414-4BE3-9FE6-E871E33F0EE8}.Debug|x64.ActiveCfg = Debug|Any CPU
		{D45A4EA1-4414-4BE3-9FE6-E871E33F0EE8}.Debug|x64.Build.0 = Debug|Any CPU
		{D45A4EA1-4414-4BE3-9FE6-E871E33F0EE8}.Debug|x86.ActiveCfg = Debug|Any CPU
		{D45A4EA1-4414-4BE3-9FE6-E871E33F0EE8}.Debug|x86.Build.0 = Debug|Any CPU
		{D45A4EA1-4414-4BE3-9FE6-E871E33F0EE8}.Release|Any CPU.ActiveCfg = Release|Any CPU
		{D45A4EA1-4414-4BE3-9FE6-E871E33F0EE8}.Release|Any CPU.Build.0 = Release|Any CPU
		{D45A4EA1-4414-4BE3-9FE6-E871E33F0EE8}.Release|x64.ActiveCfg = Release|Any CPU
		{D45A4EA1-4414-4BE3-9FE6-E871E33F0EE8}.Release|x64.Build.0 = Release|Any CPU
		{D45A4EA1-4414-4BE3-9FE6-E871E33F0EE8}.Release|x86.ActiveCfg = Release|Any CPU
		{D45A4EA1-4414-4BE3-9FE6-E871E33F0EE8}.Release|x86.Build.0 = Release|Any CPU
		{D1F1A797-74BB-4ED8-A73F-C354A0B403CB}.Debug|Any CPU.ActiveCfg = Debug|Win32
		{D1F1A797-74BB-4ED8-A73F-C354A0B403CB}.Debug|x64.ActiveCfg = Debug|x64
		{D1F1A797-74BB-4ED8-A73F-C354A0B403CB}.Debug|x64.Build.0 = Debug|x64
		{D1F1A797-74BB-4ED8-A73F-C354A0B403CB}.Debug|x86.ActiveCfg = Debug|Win32
		{D1F1A797-74BB-4ED8-A73F-C354A0B403CB}.Debug|x86.Build.0 = Debug|Win32
		{D1F1A797-74BB-4ED8-A73F-C354A0B403CB}.Release|Any CPU.ActiveCfg = Release|Win32
		{D1F1A797-74BB-4ED8-A73F-C354A0B403CB}.Release|x64.ActiveCfg = Release|x64
		{D1F1A797-74BB-4ED8-A73F-C354A0B403CB}.Release|x64.Build.0 = Release|x64
		{D1F1A797-74BB-4ED8-A73F-C354A0B403CB}.Release|x86.ActiveCfg = Release|Win32
		{D1F1A797-74BB-4ED8-A73F-C354A0B403CB}.Release|x86.Build.0 = Release|Win32
		{F9844B95-DD82-4EF0-937B-AADEE9679739}.Debug|Any CPU.ActiveCfg = Debug|Win32
		{F9844B95-DD82-4EF0-937B-AADEE9679739}.Debug|x64.ActiveCfg = Debug|x64
		{F9844B95-DD82-4EF0-937B-AADEE9679739}.Debug|x64.Build.0 = Debug|x64
		{F9844B95-DD82-4EF0-937B-AADEE9679739}.Debug|x86.ActiveCfg = Debug|Win32
		{F9844B95-DD82-4EF0-937B-AADEE9679739}.Debug|x86.Build.0 = Debug|Win32
		{F9844B95-DD82-4EF0-937B-AADEE9679739}.Release|Any CPU.ActiveCfg = Release|Win32
		{F9844B95-DD82-4EF0-937B-AADEE9679739}.Release|x64.ActiveCfg = Release|x64
		{F9844B95-DD82-4EF0-937B-AADEE9679739}.Release|x64.Build.0 = Release|x64
		{F9844B95-DD82-4EF0-937B-AADEE9679739}.Release|x86.ActiveCfg = Release|Win32
		{F9844B95-DD82-4EF0-937B-AADEE9679739}.Release|x86.Build.0 = Release|Win32
		{DBB317BE-25A2-4475-96DB-3FEEE316350E}.Debug|Any CPU.ActiveCfg = Debug|Win32
		{DBB317BE-25A2-4475-96DB-3FEEE316350E}.Debug|x64.ActiveCfg = Debug|x64
		{DBB317BE-25A2-4475-96DB-3FEEE316350E}.Debug|x64.Build.0 = Debug|x64
		{DBB317BE-25A2-4475-96DB-3FEEE316350E}.Debug|x86.ActiveCfg = Debug|Win32
		{DBB317BE-25A2-4475-96DB-3FEEE316350E}.Debug|x86.Build.0 = Debug|Win32
		{DBB317BE-25A2-4475-96DB-3FEEE316350E}.Release|Any CPU.ActiveCfg = Release|Win32
		{DBB317BE-25A2-4475-96DB-3FEEE316350E}.Release|x64.ActiveCfg = Release|x64
		{DBB317BE-25A2-4475-96DB-3FEEE316350E}.Release|x64.Build.0 = Release|x64
		{DBB317BE-25A2-4475-96DB-3FEEE316350E}.Release|x86.ActiveCfg = Release|Win32
		{DBB317BE-25A2-4475-96DB-3FEEE316350E}.Release|x86.Build.0 = Release|Win32
		{52DF9BE2-2FF6-47A8-8B2E-4E7DA50D4774}.Debug|Any CPU.ActiveCfg = Debug|Win32
		{52DF9BE2-2FF6-47A8-8B2E-4E7DA50D4774}.Debug|x64.ActiveCfg = Debug|x64
		{52DF9BE2-2FF6-47A8-8B2E-4E7DA50D4774}.Debug|x64.Build.0 = Debug|x64
		{52DF9BE2-2FF6-47A8-8B2E-4E7DA50D4774}.Debug|x86.ActiveCfg = Debug|Win32
		{52DF9BE2-2FF6-47A8-8B2E-4E7DA50D4774}.Debug|x86.Build.0 = Debug|Win32
		{52DF9BE2-2FF6-47A8-8B2E-4E7DA50D4774}.Release|Any CPU.ActiveCfg = Release|Win32
		{52DF9BE2-2FF6-47A8-8B2E-4E7DA50D4774}.Release|x64.ActiveCfg = Release|x64
		{52DF9BE2-2FF6-47A8-8B2E-4E7DA50D4774}.Release|x64.Build.0 = Release|x64
		{52DF9BE2-2FF6-47A8-8B2E-4E7DA50D4774}.Release|x86.ActiveCfg = Release|Win32
		{52DF9BE2-2FF6-47A8-8B2E-4E7DA50D4774}.Release|x86.Build.0 = Release|Win32
		{68047C60-D154-40B5-8F0D-02D3AFDD123A}.Debug|Any CPU.ActiveCfg = Debug|Win32
		{68047C60-D154-40B5-8F0D-02D3AFDD123A}.Debug|x64.ActiveCfg = Debug|x64
		{68047C60-D154-40B5-8F0D-02D3AFDD123A}.Debug|x64.Build.0 = Debug|x64
		{68047C60-D154-40B5-8F0D-02D3AFDD123A}.Debug|x86.ActiveCfg = Debug|Win32
		{68047C60-D154-40B5-8F0D-02D3AFDD123A}.Debug|x86.Build.0 = Debug|Win32
		{68047C60-D154-40B5-8F0D-02D3AFDD123A}.Release|Any CPU.ActiveCfg = Release|Win32
		{68047C60-D154-40B5-8F0D-02D3AFDD123A}.Release|x64.ActiveCfg = Release|x64
		{68047C60-D154-40B5-8F0D-02D3AFDD123A}.Release|x64.Build.0 = Release|x64
		{68047C60-D154-40B5-8F0D-02D3AFDD123A}.Release|x86.ActiveCfg = Release|Win32
		{68047C60-D154-40B5-8F0D-02D3AFDD123A}.Release|x86.Build.0 = Release|Win32
		{0C46A477-3EB7-4D08-923F-87D42DC91965}.Debug|Any CPU.ActiveCfg = Debug|Any CPU
		{0C46A477-3EB7-4D08-923F-87D42DC91965}.Debug|Any CPU.Build.0 = Debug|Any CPU
		{0C46A477-3EB7-4D08-923F-87D42DC91965}.Debug|x64.ActiveCfg = Debug|Any CPU
		{0C46A477-3EB7-4D08-923F-87D42DC91965}.Debug|x64.Build.0 = Debug|Any CPU
		{0C46A477-3EB7-4D08-923F-87D42DC91965}.Debug|x86.ActiveCfg = Debug|Any CPU
		{0C46A477-3EB7-4D08-923F-87D42DC91965}.Debug|x86.Build.0 = Debug|Any CPU
		{0C46A477-3EB7-4D08-923F-87D42DC91965}.Release|Any CPU.ActiveCfg = Release|Any CPU
		{0C46A477-3EB7-4D08-923F-87D42DC91965}.Release|Any CPU.Build.0 = Release|Any CPU
		{0C46A477-3EB7-4D08-923F-87D42DC91965}.Release|x64.ActiveCfg = Release|Any CPU
		{0C46A477-3EB7-4D08-923F-87D42DC91965}.Release|x64.Build.0 = Release|Any CPU
		{0C46A477-3EB7-4D08-923F-87D42DC91965}.Release|x86.ActiveCfg = Release|Any CPU
		{0C46A477-3EB7-4D08-923F-87D42DC91965}.Release|x86.Build.0 = Release|Any CPU
	EndGlobalSection
	GlobalSection(SolutionProperties) = preSolution
		HideSolutionNode = FALSE
	EndGlobalSection
	GlobalSection(ExtensibilityGlobals) = postSolution
		SolutionGuid = {762927B0-5E93-489D-BF50-20DAF629F754}
	EndGlobalSection
EndGlobal
